// !$*UTF8*$!
{
	archiveVersion = 1;
	classes = {
	};
	objectVersion = 46;
	objects = {

/* Begin PBXBuildFile section */
		F377AF0D1A085898003015AD /* main.m in Sources */ = {isa = PBXBuildFile; fileRef = F377AF0C1A085898003015AD /* main.m */; };
		F377AF101A085898003015AD /* AppDelegate.m in Sources */ = {isa = PBXBuildFile; fileRef = F377AF0F1A085898003015AD /* AppDelegate.m */; };
		F377AF131A085898003015AD /* ViewController.m in Sources */ = {isa = PBXBuildFile; fileRef = F377AF121A085898003015AD /* ViewController.m */; };
		F377AF161A085898003015AD /* Main.storyboard in Resources */ = {isa = PBXBuildFile; fileRef = F377AF141A085898003015AD /* Main.storyboard */; };
		F377AF181A085898003015AD /* Images.xcassets in Resources */ = {isa = PBXBuildFile; fileRef = F377AF171A085898003015AD /* Images.xcassets */; };
		F377AF1B1A085898003015AD /* LaunchScreen.xib in Resources */ = {isa = PBXBuildFile; fileRef = F377AF191A085898003015AD /* LaunchScreen.xib */; };
		F377AF271A085898003015AD /* CalculatorTests.m in Sources */ = {isa = PBXBuildFile; fileRef = F377AF261A085898003015AD /* CalculatorTests.m */; };
		F3977B271A09CDCE00141155 /* Stack.m in Sources */ = {isa = PBXBuildFile; fileRef = F3977B261A09CDCE00141155 /* Stack.m */; };
/* End PBXBuildFile section */

/* Begin PBXContainerItemProxy section */
		F377AF211A085898003015AD /* PBXContainerItemProxy */ = {
			isa = PBXContainerItemProxy;
			containerPortal = F377AEFF1A085898003015AD /* Project object */;
			proxyType = 1;
			remoteGlobalIDString = F377AF061A085898003015AD;
			remoteInfo = Calculator;
		};
/* End PBXContainerItemProxy section */

/* Begin PBXFileReference section */
		F377AF071A085898003015AD /* Calculator.app */ = {isa = PBXFileReference; explicitFileType = wrapper.application; includeInIndex = 0; path = Calculator.app; sourceTree = BUILT_PRODUCTS_DIR; };
		F377AF0B1A085898003015AD /* Info.plist */ = {isa = PBXFileReference; lastKnownFileType = text.plist.xml; path = Info.plist; sourceTree = "<group>"; };
		F377AF0C1A085898003015AD /* main.m */ = {isa = PBXFileReference; lastKnownFileType = sourcecode.c.objc; path = main.m; sourceTree = "<group>"; };
		F377AF0E1A085898003015AD /* AppDelegate.h */ = {isa = PBXFileReference; lastKnownFileType = sourcecode.c.h; path = AppDelegate.h; sourceTree = "<group>"; };
		F377AF0F1A085898003015AD /* AppDelegate.m */ = {isa = PBXFileReference; lastKnownFileType = sourcecode.c.objc; path = AppDelegate.m; sourceTree = "<group>"; };
		F377AF111A085898003015AD /* ViewController.h */ = {isa = PBXFileReference; lastKnownFileType = sourcecode.c.h; path = ViewController.h; sourceTree = "<group>"; };
		F377AF121A085898003015AD /* ViewController.m */ = {isa = PBXFileReference; lastKnownFileType = sourcecode.c.objc; path = ViewController.m; sourceTree = "<group>"; };
		F377AF151A085898003015AD /* Base */ = {isa = PBXFileReference; lastKnownFileType = file.storyboard; name = Base; path = Base.lproj/Main.storyboard; sourceTree = "<group>"; };
		F377AF171A085898003015AD /* Images.xcassets */ = {isa = PBXFileReference; lastKnownFileType = folder.assetcatalog; path = Images.xcassets; sourceTree = "<group>"; };
		F377AF1A1A085898003015AD /* Base */ = {isa = PBXFileReference; lastKnownFileType = file.xib; name = Base; path = Base.lproj/LaunchScreen.xib; sourceTree = "<group>"; };
		F377AF201A085898003015AD /* CalculatorTests.xctest */ = {isa = PBXFileReference; explicitFileType = wrapper.cfbundle; includeInIndex = 0; path = CalculatorTests.xctest; sourceTree = BUILT_PRODUCTS_DIR; };
		F377AF251A085898003015AD /* Info.plist */ = {isa = PBXFileReference; lastKnownFileType = text.plist.xml; path = Info.plist; sourceTree = "<group>"; };
		F377AF261A085898003015AD /* CalculatorTests.m */ = {isa = PBXFileReference; lastKnownFileType = sourcecode.c.objc; path = CalculatorTests.m; sourceTree = "<group>"; };
		F3977B251A09CDCE00141155 /* Stack.h */ = {isa = PBXFileReference; fileEncoding = 4; lastKnownFileType = sourcecode.c.h; path = Stack.h; sourceTree = "<group>"; };
		F3977B261A09CDCE00141155 /* Stack.m */ = {isa = PBXFileReference; fileEncoding = 4; lastKnownFileType = sourcecode.c.objc; path = Stack.m; sourceTree = "<group>"; };
/* End PBXFileReference section */

/* Begin PBXFrameworksBuildPhase section */
		F377AF041A085898003015AD /* Frameworks */ = {
			isa = PBXFrameworksBuildPhase;
			buildActionMask = 2147483647;
			files = (
			);
			runOnlyForDeploymentPostprocessing = 0;
		};
		F377AF1D1A085898003015AD /* Frameworks */ = {
			isa = PBXFrameworksBuildPhase;
			buildActionMask = 2147483647;
			files = (
			);
			runOnlyForDeploymentPostprocessing = 0;
		};
/* End PBXFrameworksBuildPhase section */

/* Begin PBXGroup section */
		F377AEFE1A085898003015AD = {
			isa = PBXGroup;
			children = (
				F377AF091A085898003015AD /* Calculator */,
				F377AF231A085898003015AD /* CalculatorTests */,
				F377AF081A085898003015AD /* Products */,
			);
			sourceTree = "<group>";
		};
		F377AF081A085898003015AD /* Products */ = {
			isa = PBXGroup;
			children = (
				F377AF071A085898003015AD /* Calculator.app */,
				F377AF201A085898003015AD /* CalculatorTests.xctest */,
			);
			name = Products;
			sourceTree = "<group>";
		};
		F377AF091A085898003015AD /* Calculator */ = {
			isa = PBXGroup;
			children = (
				F3977B251A09CDCE00141155 /* Stack.h */,
				F3977B261A09CDCE00141155 /* Stack.m */,
				F377AF0E1A085898003015AD /* AppDelegate.h */,
				F377AF0F1A085898003015AD /* AppDelegate.m */,
				F377AF111A085898003015AD /* ViewController.h */,
				F377AF121A085898003015AD /* ViewController.m */,
				F377AF141A085898003015AD /* Main.storyboard */,
				F377AF171A085898003015AD /* Images.xcassets */,
				F377AF191A085898003015AD /* LaunchScreen.xib */,
				F377AF0A1A085898003015AD /* Supporting Files */,
			);
			path = Calculator;
			sourceTree = "<group>";
		};
		F377AF0A1A085898003015AD /* Supporting Files */ = {
			isa = PBXGroup;
			children = (
				F377AF0B1A085898003015AD /* Info.plist */,
				F377AF0C1A085898003015AD /* main.m */,
			);
			name = "Supporting Files";
			sourceTree = "<group>";
		};
		F377AF231A085898003015AD /* CalculatorTests */ = {
			isa = PBXGroup;
			children = (
				F377AF261A085898003015AD /* CalculatorTests.m */,
				F377AF241A085898003015AD /* Supporting Files */,
			);
			path = CalculatorTests;
			sourceTree = "<group>";
		};
		F377AF241A085898003015AD /* Supporting Files */ = {
			isa = PBXGroup;
			children = (
				F377AF251A085898003015AD /* Info.plist */,
			);
			name = "Supporting Files";
			sourceTree = "<group>";
		};
/* End PBXGroup section */

/* Begin PBXNativeTarget section */
		F377AF061A085898003015AD /* Calculator */ = {
			isa = PBXNativeTarget;
			buildConfigurationList = F377AF2A1A085898003015AD /* Build configuration list for PBXNativeTarget "Calculator" */;
			buildPhases = (
				F377AF031A085898003015AD /* Sources */,
				F377AF041A085898003015AD /* Frameworks */,
				F377AF051A085898003015AD /* Resources */,
			);
			buildRules = (
			);
			dependencies = (
			);
			name = Calculator;
			productName = Calculator;
			productReference = F377AF071A085898003015AD /* Calculator.app */;
			productType = "com.apple.product-type.application";
		};
		F377AF1F1A085898003015AD /* CalculatorTests */ = {
			isa = PBXNativeTarget;
			buildConfigurationList = F377AF2D1A085898003015AD /* Build configuration list for PBXNativeTarget "CalculatorTests" */;
			buildPhases = (
				F377AF1C1A085898003015AD /* Sources */,
				F377AF1D1A085898003015AD /* Frameworks */,
				F377AF1E1A085898003015AD /* Resources */,
			);
			buildRules = (
			);
			dependencies = (
				F377AF221A085898003015AD /* PBXTargetDependency */,
			);
			name = CalculatorTests;
			productName = CalculatorTests;
			productReference = F377AF201A085898003015AD /* CalculatorTests.xctest */;
			productType = "com.apple.product-type.bundle.unit-test";
		};
/* End PBXNativeTarget section */

/* Begin PBXProject section */
		F377AEFF1A085898003015AD /* Project object */ = {
			isa = PBXProject;
			attributes = {
				LastUpgradeCheck = 0610;
				ORGANIZATIONNAME = Joker;
				TargetAttributes = {
					F377AF061A085898003015AD = {
						CreatedOnToolsVersion = 6.1;
					};
					F377AF1F1A085898003015AD = {
						CreatedOnToolsVersion = 6.1;
						TestTargetID = F377AF061A085898003015AD;
					};
				};
			};
			buildConfigurationList = F377AF021A085898003015AD /* Build configuration list for PBXProject "Calculator" */;
			compatibilityVersion = "Xcode 3.2";
			developmentRegion = English;
			hasScannedForEncodings = 0;
			knownRegions = (
				en,
				Base,
			);
			mainGroup = F377AEFE1A085898003015AD;
			productRefGroup = F377AF081A085898003015AD /* Products */;
			projectDirPath = "";
			projectRoot = "";
			targets = (
				F377AF061A085898003015AD /* Calculator */,
				F377AF1F1A085898003015AD /* CalculatorTests */,
			);
		};
/* End PBXProject section */

/* Begin PBXResourcesBuildPhase section */
		F377AF051A085898003015AD /* Resources */ = {
			isa = PBXResourcesBuildPhase;
			buildActionMask = 2147483647;
			files = (
				F377AF161A085898003015AD /* Main.storyboard in Resources */,
				F377AF1B1A085898003015AD /* LaunchScreen.xib in Resources */,
				F377AF181A085898003015AD /* Images.xcassets in Resources */,
			);
			runOnlyForDeploymentPostprocessing = 0;
		};
		F377AF1E1A085898003015AD /* Resources */ = {
			isa = PBXResourcesBuildPhase;
			buildActionMask = 2147483647;
			files = (
			);
			runOnlyForDeploymentPostprocessing = 0;
		};
/* End PBXResourcesBuildPhase section */

/* Begin PBXSourcesBuildPhase section */
		F377AF031A085898003015AD /* Sources */ = {
			isa = PBXSourcesBuildPhase;
			buildActionMask = 2147483647;
			files = (
				F3977B271A09CDCE00141155 /* Stack.m in Sources */,
				F377AF131A085898003015AD /* ViewController.m in Sources */,
				F377AF101A085898003015AD /* AppDelegate.m in Sources */,
				F377AF0D1A085898003015AD /* main.m in Sources */,
			);
			runOnlyForDeploymentPostprocessing = 0;
		};
		F377AF1C1A085898003015AD /* Sources */ = {
			isa = PBXSourcesBuildPhase;
			buildActionMask = 2147483647;
			files = (
				F377AF271A085898003015AD /* CalculatorTests.m in Sources */,
			);
			runOnlyForDeploymentPostprocessing = 0;
		};
/* End PBXSourcesBuildPhase section */

/* Begin PBXTargetDependency section */
		F377AF221A085898003015AD /* PBXTargetDependency */ = {
			isa = PBXTargetDependency;
			target = F377AF061A085898003015AD /* Calculator */;
			targetProxy = F377AF211A085898003015AD /* PBXContainerItemProxy */;
		};
/* End PBXTargetDependency section */

/* Begin PBXVariantGroup section */
		F377AF141A085898003015AD /* Main.storyboard */ = {
			isa = PBXVariantGroup;
			children = (
				F377AF151A085898003015AD /* Base */,
			);
			name = Main.storyboard;
			sourceTree = "<group>";
		};
		F377AF191A085898003015AD /* LaunchScreen.xib */ = {
			isa = PBXVariantGroup;
			children = (
				F377AF1A1A085898003015AD /* Base */,
			);
			name = LaunchScreen.xib;
			sourceTree = "<group>";
		};
/* End PBXVariantGroup section */

/* Begin XCBuildConfiguration section */
		F377AF281A085898003015AD /* Debug */ = {
			isa = XCBuildConfiguration;
			buildSettings = {
				ALWAYS_SEARCH_USER_PATHS = NO;
				CLANG_CXX_LANGUAGE_STANDARD = "gnu++0x";
				CLANG_CXX_LIBRARY = "libc++";
				CLANG_ENABLE_MODULES = YES;
				CLANG_ENABLE_OBJC_ARC = YES;
				CLANG_WARN_BOOL_CONVERSION = YES;
				CLANG_WARN_CONSTANT_CONVERSION = YES;
				CLANG_WARN_DIRECT_OBJC_ISA_USAGE = YES_ERROR;
				CLANG_WARN_EMPTY_BODY = YES;
				CLANG_WARN_ENUM_CONVERSION = YES;
				CLANG_WARN_INT_CONVERSION = YES;
				CLANG_WARN_OBJC_ROOT_CLASS = YES_ERROR;
				CLANG_WARN_UNREACHABLE_CODE = YES;
				CLANG_WARN__DUPLICATE_METHOD_MATCH = YES;
				"CODE_SIGN_IDENTITY[sdk=iphoneos*]" = "iPhone Developer";
				COPY_PHASE_STRIP = NO;
				ENABLE_STRICT_OBJC_MSGSEND = YES;
				GCC_C_LANGUAGE_STANDARD = gnu99;
				GCC_DYNAMIC_NO_PIC = NO;
				GCC_OPTIMIZATION_LEVEL = 0;
				GCC_PREPROCESSOR_DEFINITIONS = (
					"DEBUG=1",
					"$(inherited)",
				);
				GCC_SYMBOLS_PRIVATE_EXTERN = NO;
				GCC_WARN_64_TO_32_BIT_CONVERSION = YES;
				GCC_WARN_ABOUT_RETURN_TYPE = YES_ERROR;
				GCC_WARN_UNDECLARED_SELECTOR = YES;
				GCC_WARN_UNINITIALIZED_AUTOS = YES_AGGRESSIVE;
				GCC_WARN_UNUSED_FUNCTION = YES;
				GCC_WARN_UNUSED_VARIABLE = YES;
				IPHONEOS_DEPLOYMENT_TARGET = 8.1;
				MTL_ENABLE_DEBUG_INFO = YES;
				ONLY_ACTIVE_ARCH = YES;
				SDKROOT = iphoneos;
				TARGETED_DEVICE_FAMILY = "1,2";
			};
			name = Debug;
		};
		F377AF291A085898003015AD /* Release */ = {
			isa = XCBuildConfiguration;
			buildSettings = {
				ALWAYS_SEARCH_USER_PATHS = NO;
				CLANG_CXX_LANGUAGE_STANDARD = "gnu++0x";
				CLANG_CXX_LIBRARY = "libc++";
				CLANG_ENABLE_MODULES = YES;
				CLANG_ENABLE_OBJC_ARC = YES;
				CLANG_WARN_BOOL_CONVERSION = YES;
				CLANG_WARN_CONSTANT_CONVERSION = YES;
				CLANG_WARN_DIRECT_OBJC_ISA_USAGE = YES_ERROR;
				CLANG_WARN_EMPTY_BODY = YES;
				CLANG_WARN_ENUM_CONVERSION = YES;
				CLANG_WARN_INT_CONVERSION = YES;
				CLANG_WARN_OBJC_ROOT_CLASS = YES_ERROR;
				CLANG_WARN_UNREACHABLE_CODE = YES;
				CLANG_WARN__DUPLICATE_METHOD_MATCH = YES;
				"CODE_SIGN_IDENTITY[sdk=iphoneos*]" = "iPhone Developer";
				COPY_PHASE_STRIP = YES;
				ENABLE_NS_ASSERTIONS = NO;
				ENABLE_STRICT_OBJC_MSGSEND = YES;
				GCC_C_LANGUAGE_STANDARD = gnu99;
				GCC_WARN_64_TO_32_BIT_CONVERSION = YES;
				GCC_WARN_ABOUT_RETURN_TYPE = YES_ERROR;
				GCC_WARN_UNDECLARED_SELECTOR = YES;
				GCC_WARN_UNINITIALIZED_AUTOS = YES_AGGRESSIVE;
				GCC_WARN_UNUSED_FUNCTION = YES;
				GCC_WARN_UNUSED_VARIABLE = YES;
				IPHONEOS_DEPLOYMENT_TARGET = 8.1;
				MTL_ENABLE_DEBUG_INFO = NO;
				SDKROOT = iphoneos;
				TARGETED_DEVICE_FAMILY = "1,2";
				VALIDATE_PRODUCT = YES;
			};
			name = Release;
		};
		F377AF2B1A085898003015AD /* Debug */ = {
			isa = XCBuildConfiguration;
			buildSettings = {
				ASSETCATALOG_COMPILER_APPICON_NAME = AppIcon;
				INFOPLIST_FILE = Calculator/Info.plist;
				LD_RUNPATH_SEARCH_PATHS = "$(inherited) @executable_path/Frameworks";
				PRODUCT_NAME = "$(TARGET_NAME)";
			};
			name = Debug;
		};
		F377AF2C1A085898003015AD /* Release */ = {
			isa = XCBuildConfiguration;
			buildSettings = {
				ASSETCATALOG_COMPILER_APPICON_NAME = AppIcon;
				INFOPLIST_FILE = Calculator/Info.plist;
				LD_RUNPATH_SEARCH_PATHS = "$(inherited) @executable_path/Frameworks";
				PRODUCT_NAME = "$(TARGET_NAME)";
			};
			name = Release;
		};
		F377AF2E1A085898003015AD /* Debug */ = {
			isa = XCBuildConfiguration;
			buildSettings = {
				BUNDLE_LOADER = "$(TEST_HOST)";
				FRAMEWORK_SEARCH_PATHS = (
					"$(SDKROOT)/Developer/Library/Frameworks",
					"$(inherited)",
				);
				GCC_PREPROCESSOR_DEFINITIONS = (
					"DEBUG=1",
					"$(inherited)",
				);
				INFOPLIST_FILE = CalculatorTests/Info.plist;
				LD_RUNPATH_SEARCH_PATHS = "$(inherited) @executable_path/Frameworks @loader_path/Frameworks";
				PRODUCT_NAME = "$(TARGET_NAME)";
				TEST_HOST = "$(BUILT_PRODUCTS_DIR)/Calculator.app/Calculator";
			};
			name = Debug;
		};
		F377AF2F1A085898003015AD /* Release */ = {
			isa = XCBuildConfiguration;
			buildSettings = {
				BUNDLE_LOADER = "$(TEST_HOST)";
				FRAMEWORK_SEARCH_PATHS = (
					"$(SDKROOT)/Developer/Library/Frameworks",
					"$(inherited)",
				);
				INFOPLIST_FILE = CalculatorTests/Info.plist;
				LD_RUNPATH_SEARCH_PATHS = "$(inherited) @executable_path/Frameworks @loader_path/Frameworks";
				PRODUCT_NAME = "$(TARGET_NAME)";
				TEST_HOST = "$(BUILT_PRODUCTS_DIR)/Calculator.app/Calculator";
			};
			name = Release;
		};
/* End XCBuildConfiguration section */

/* Begin XCConfigurationList section */
		F377AF021A085898003015AD /* Build configuration list for PBXProject "Calculator" */ = {
			isa = XCConfigurationList;
			buildConfigurations = (
				F377AF281A085898003015AD /* Debug */,
				F377AF291A085898003015AD /* Release */,
			);
			defaultConfigurationIsVisible = 0;
			defaultConfigurationName = Release;
		};
		F377AF2A1A085898003015AD /* Build configuration list for PBXNativeTarget "Calculator" */ = {
			isa = XCConfigurationList;
			buildConfigurations = (
				F377AF2B1A085898003015AD /* Debug */,
				F377AF2C1A085898003015AD /* Release */,
			);
			defaultConfigurationIsVisible = 0;
			defaultConfigurationName = Release;
		};
		F377AF2D1A085898003015AD /* Build configuration list for PBXNativeTarget "CalculatorTests" */ = {
			isa = XCConfigurationList;
			buildConfigurations = (
				F377AF2E1A085898003015AD /* Debug */,
				F377AF2F1A085898003015AD /* Release */,
			);
			defaultConfigurationIsVisible = 0;
			defaultConfigurationName = Release;
		};
/* End XCConfigurationList section */
	};
	rootObject = F377AEFF1A085898003015AD /* Project object */;
}
